// !$*UTF8*$!
{
	archiveVersion = 1;
	classes = {
	};
	objectVersion = 46;
	objects = {

/* Begin PBXBuildFile section */
		A8D03AFF1D9C29AF00121139 /* AppDelegate.swift in Sources */ = {isa = PBXBuildFile; fileRef = A8D03AFE1D9C29AF00121139 /* AppDelegate.swift */; };
		A8D03B011D9C29AF00121139 /* ViewController.swift in Sources */ = {isa = PBXBuildFile; fileRef = A8D03B001D9C29AF00121139 /* ViewController.swift */; };
		A8D03B041D9C29AF00121139 /* Main.storyboard in Resources */ = {isa = PBXBuildFile; fileRef = A8D03B021D9C29AF00121139 /* Main.storyboard */; };
		A8D03B061D9C29AF00121139 /* Assets.xcassets in Resources */ = {isa = PBXBuildFile; fileRef = A8D03B051D9C29AF00121139 /* Assets.xcassets */; };
		A8D03B091D9C29AF00121139 /* LaunchScreen.storyboard in Resources */ = {isa = PBXBuildFile; fileRef = A8D03B071D9C29AF00121139 /* LaunchScreen.storyboard */; };
/* End PBXBuildFile section */

/* Begin PBXFileReference section */
		A8D03AFB1D9C29AF00121139 /* SplitKeys.app */ = {isa = PBXFileReference; explicitFileType = wrapper.application; includeInIndex = 0; path = SplitKeys.app; sourceTree = BUILT_PRODUCTS_DIR; };
		A8D03AFE1D9C29AF00121139 /* AppDelegate.swift */ = {isa = PBXFileReference; lastKnownFileType = sourcecode.swift; path = AppDelegate.swift; sourceTree = "<group>"; };
		A8D03B001D9C29AF00121139 /* ViewController.swift */ = {isa = PBXFileReference; lastKnownFileType = sourcecode.swift; path = ViewController.swift; sourceTree = "<group>"; };
		A8D03B031D9C29AF00121139 /* Base */ = {isa = PBXFileReference; lastKnownFileType = file.storyboard; name = Base; path = Base.lproj/Main.storyboard; sourceTree = "<group>"; };
		A8D03B051D9C29AF00121139 /* Assets.xcassets */ = {isa = PBXFileReference; lastKnownFileType = folder.assetcatalog; path = Assets.xcassets; sourceTree = "<group>"; };
		A8D03B081D9C29AF00121139 /* Base */ = {isa = PBXFileReference; lastKnownFileType = file.storyboard; name = Base; path = Base.lproj/LaunchScreen.storyboard; sourceTree = "<group>"; };
		A8D03B0A1D9C29AF00121139 /* Info.plist */ = {isa = PBXFileReference; lastKnownFileType = text.plist.xml; path = Info.plist; sourceTree = "<group>"; };
/* End PBXFileReference section */

/* Begin PBXFrameworksBuildPhase section */
		A8D03AF81D9C29AF00121139 /* Frameworks */ = {
			isa = PBXFrameworksBuildPhase;
			buildActionMask = 2147483647;
			files = (
			);
			runOnlyForDeploymentPostprocessing = 0;
		};
/* End PBXFrameworksBuildPhase section */

/* Begin PBXGroup section */
		A8D03AF21D9C29AF00121139 = {
			isa = PBXGroup;
			children = (
				A8D03AFD1D9C29AF00121139 /* SplitKeys */,
				A8D03AFC1D9C29AF00121139 /* Products */,
			);
			sourceTree = "<group>";
		};
		A8D03AFC1D9C29AF00121139 /* Products */ = {
			isa = PBXGroup;
			children = (
				A8D03AFB1D9C29AF00121139 /* SplitKeys.app */,
			);
			name = Products;
			sourceTree = "<group>";
		};
		A8D03AFD1D9C29AF00121139 /* SplitKeys */ = {
			isa = PBXGroup;
			children = (
				A8D03AFE1D9C29AF00121139 /* AppDelegate.swift */,
				A8D03B001D9C29AF00121139 /* ViewController.swift */,
				A8D03B021D9C29AF00121139 /* Main.storyboard */,
				A8D03B051D9C29AF00121139 /* Assets.xcassets */,
				A8D03B071D9C29AF00121139 /* LaunchScreen.storyboard */,
				A8D03B0A1D9C29AF00121139 /* Info.plist */,
			);
			path = SplitKeys;
			sourceTree = "<group>";
		};
/* End PBXGroup section */

/* Begin PBXNativeTarget section */
		A8D03AFA1D9C29AF00121139 /* SplitKeys */ = {
			isa = PBXNativeTarget;
			buildConfigurationList = A8D03B0D1D9C29AF00121139 /* Build configuration list for PBXNativeTarget "SplitKeys" */;
			buildPhases = (
				A8D03AF71D9C29AF00121139 /* Sources */,
				A8D03AF81D9C29AF00121139 /* Frameworks */,
				A8D03AF91D9C29AF00121139 /* Resources */,
			);
			buildRules = (
			);
			dependencies = (
			);
			name = SplitKeys;
			productName = SplitKeys;
			productReference = A8D03AFB1D9C29AF00121139 /* SplitKeys.app */;
			productType = "com.apple.product-type.application";
		};
/* End PBXNativeTarget section */

/* Begin PBXProject section */
		A8D03AF31D9C29AF00121139 /* Project object */ = {
			isa = PBXProject;
			attributes = {
				LastSwiftUpdateCheck = 0800;
				LastUpgradeCheck = 0800;
				ORGANIZATIONNAME = SplitKeys;
				TargetAttributes = {
					A8D03AFA1D9C29AF00121139 = {
						CreatedOnToolsVersion = 8.0;
						ProvisioningStyle = Automatic;
					};
				};
			};
			buildConfigurationList = A8D03AF61D9C29AF00121139 /* Build configuration list for PBXProject "SplitKeys" */;
			compatibilityVersion = "Xcode 3.2";
			developmentRegion = English;
			hasScannedForEncodings = 0;
			knownRegions = (
				en,
				Base,
			);
			mainGroup = A8D03AF21D9C29AF00121139;
			productRefGroup = A8D03AFC1D9C29AF00121139 /* Products */;
			projectDirPath = "";
			projectRoot = "";
			targets = (
				A8D03AFA1D9C29AF00121139 /* SplitKeys */,
			);
		};
/* End PBXProject section */

/* Begin PBXResourcesBuildPhase section */
		A8D03AF91D9C29AF00121139 /* Resources */ = {
			isa = PBXResourcesBuildPhase;
			buildActionMask = 2147483647;
			files = (
				A8D03B091D9C29AF00121139 /* LaunchScreen.storyboard in Resources */,
				A8D03B061D9C29AF00121139 /* Assets.xcassets in Resources */,
				A8D03B041D9C29AF00121139 /* Main.storyboard in Resources */,
			);
			runOnlyForDeploymentPostprocessing = 0;
		};
/* End PBXResourcesBuildPhase section */

/* Begin PBXSourcesBuildPhase section */
		A8D03AF71D9C29AF00121139 /* Sources */ = {
			isa = PBXSourcesBuildPhase;
			buildActionMask = 2147483647;
			files = (
				A8D03B011D9C29AF00121139 /* ViewController.swift in Sources */,
				A8D03AFF1D9C29AF00121139 /* AppDelegate.swift in Sources */,
			);
			runOnlyForDeploymentPostprocessing = 0;
		};
/* End PBXSourcesBuildPhase section */

/* Begin PBXVariantGroup section */
		A8D03B021D9C29AF00121139 /* Main.storyboard */ = {
			isa = PBXVariantGroup;
			children = (
				A8D03B031D9C29AF00121139 /* Base */,
			);
			name = Main.storyboard;
			sourceTree = "<group>";
		};
		A8D03B071D9C29AF00121139 /* LaunchScreen.storyboard */ = {
			isa = PBXVariantGroup;
			children = (
				A8D03B081D9C29AF00121139 /* Base */,
			);
			name = LaunchScreen.storyboard;
			sourceTree = "<group>";
		};
/* End PBXVariantGroup section */

/* Begin XCBuildConfiguration section */
		A8D03B0B1D9C29AF00121139 /* Debug */ = {
			isa = XCBuildConfiguration;
			buildSettings = {
				ALWAYS_SEARCH_USER_PATHS = NO;
				CLANG_ANALYZER_NONNULL = YES;
				CLANG_CXX_LANGUAGE_STANDARD = "gnu++0x";
				CLANG_CXX_LIBRARY = "libc++";
				CLANG_ENABLE_MODULES = YES;
				CLANG_ENABLE_OBJC_ARC = YES;
				CLANG_WARN_BOOL_CONVERSION = YES;
				CLANG_WARN_CONSTANT_CONVERSION = YES;
				CLANG_WARN_DIRECT_OBJC_ISA_USAGE = YES_ERROR;
				CLANG_WARN_DOCUMENTATION_COMMENTS = YES;
				CLANG_WARN_EMPTY_BODY = YES;
				CLANG_WARN_ENUM_CONVERSION = YES;
				CLANG_WARN_INFINITE_RECURSION = YES;
				CLANG_WARN_INT_CONVERSION = YES;
				CLANG_WARN_OBJC_ROOT_CLASS = YES_ERROR;
				CLANG_WARN_SUSPICIOUS_MOVES = YES;
				CLANG_WARN_UNREACHABLE_CODE = YES;
				CLANG_WARN__DUPLICATE_METHOD_MATCH = YES;
				"CODE_SIGN_IDENTITY[sdk=iphoneos*]" = "iPhone Developer";
				COPY_PHASE_STRIP = NO;
				DEBUG_INFORMATION_FORMAT = dwarf;
				ENABLE_STRICT_OBJC_MSGSEND = YES;
				ENABLE_TESTABILITY = YES;
				GCC_C_LANGUAGE_STANDARD = gnu99;
				GCC_DYNAMIC_NO_PIC = NO;
				GCC_NO_COMMON_BLOCKS = YES;
				GCC_OPTIMIZATION_LEVEL = 0;
				GCC_PREPROCESSOR_DEFINITIONS = (
					"DEBUG=1",
					"$(inherited)",
				);
				GCC_WARN_64_TO_32_BIT_CONVERSION = YES;
				GCC_WARN_ABOUT_RETURN_TYPE = YES_ERROR;
				GCC_WARN_UNDECLARED_SELECTOR = YES;
				GCC_WARN_UNINITIALIZED_AUTOS = YES_AGGRESSIVE;
				GCC_WARN_UNUSED_FUNCTION = YES;
				GCC_WARN_UNUSED_VARIABLE = YES;
				IPHONEOS_DEPLOYMENT_TARGET = 10.0;
				MTL_ENABLE_DEBUG_INFO = YES;
				ONLY_ACTIVE_ARCH = YES;
				SDKROOT = iphoneos;
				SWIFT_ACTIVE_COMPILATION_CONDITIONS = DEBUG;
				SWIFT_OPTIMIZATION_LEVEL = "-Onone";
			};
			name = Debug;
		};
		A8D03B0C1D9C29AF00121139 /* Release */ = {
			isa = XCBuildConfiguration;
			buildSettings = {
				ALWAYS_SEARCH_USER_PATHS = NO;
				CLANG_ANALYZER_NONNULL = YES;
				CLANG_CXX_LANGUAGE_STANDARD = "gnu++0x";
				CLANG_CXX_LIBRARY = "libc++";
				CLANG_ENABLE_MODULES = YES;
				CLANG_ENABLE_OBJC_ARC = YES;
				CLANG_WARN_BOOL_CONVERSION = YES;
				CLANG_WARN_CONSTANT_CONVERSION = YES;
				CLANG_WARN_DIRECT_OBJC_ISA_USAGE = YES_ERROR;
				CLANG_WARN_DOCUMENTATION_COMMENTS = YES;
				CLANG_WARN_EMPTY_BODY = YES;
				CLANG_WARN_ENUM_CONVERSION = YES;
				CLANG_WARN_INFINITE_RECURSION = YES;
				CLANG_WARN_INT_CONVERSION = YES;
				CLANG_WARN_OBJC_ROOT_CLASS = YES_ERROR;
				CLANG_WARN_SUSPICIOUS_MOVES = YES;
				CLANG_WARN_UNREACHABLE_CODE = YES;
				CLANG_WARN__DUPLICATE_METHOD_MATCH = YES;
				"CODE_SIGN_IDENTITY[sdk=iphoneos*]" = "iPhone Developer";
				COPY_PHASE_STRIP = NO;
				DEBUG_INFORMATION_FORMAT = "dwarf-with-dsym";
				ENABLE_NS_ASSERTIONS = NO;
				ENABLE_STRICT_OBJC_MSGSEND = YES;
				GCC_C_LANGUAGE_STANDARD = gnu99;
				GCC_NO_COMMON_BLOCKS = YES;
				GCC_WARN_64_TO_32_BIT_CONVERSION = YES;
				GCC_WARN_ABOUT_RETURN_TYPE = YES_ERROR;
				GCC_WARN_UNDECLARED_SELECTOR = YES;
				GCC_WARN_UNINITIALIZED_AUTOS = YES_AGGRESSIVE;
				GCC_WARN_UNUSED_FUNCTION = YES;
				GCC_WARN_UNUSED_VARIABLE = YES;
				IPHONEOS_DEPLOYMENT_TARGET = 10.0;
				MTL_ENABLE_DEBUG_INFO = NO;
				SDKROOT = iphoneos;
				SWIFT_OPTIMIZATION_LEVEL = "-Owholemodule";
				VALIDATE_PRODUCT = YES;
			};
			name = Release;
		};
		A8D03B0E1D9C29AF00121139 /* Debug */ = {
			isa = XCBuildConfiguration;
			buildSettings = {
				ASSETCATALOG_COMPILER_APPICON_NAME = AppIcon;
				INFOPLIST_FILE = SplitKeys/Info.plist;
				LD_RUNPATH_SEARCH_PATHS = "$(inherited) @executable_path/Frameworks";
				PRODUCT_BUNDLE_IDENTIFIER = com.splitkeys.SplitKeys;
				PRODUCT_NAME = "$(TARGET_NAME)";
				SWIFT_VERSION = 3.0;
			};
			name = Debug;
		};
		A8D03B0F1D9C29AF00121139 /* Release */ = {
			isa = XCBuildConfiguration;
			buildSettings = {
				ASSETCATALOG_COMPILER_APPICON_NAME = AppIcon;
				INFOPLIST_FILE = SplitKeys/Info.plist;
				LD_RUNPATH_SEARCH_PATHS = "$(inherited) @executable_path/Frameworks";
				PRODUCT_BUNDLE_IDENTIFIER = com.splitkeys.SplitKeys;
				PRODUCT_NAME = "$(TARGET_NAME)";
				SWIFT_VERSION = 3.0;
			};
			name = Release;
		};
/* End XCBuildConfiguration section */

/* Begin XCConfigurationList section */
		A8D03AF61D9C29AF00121139 /* Build configuration list for PBXProject "SplitKeys" */ = {
			isa = XCConfigurationList;
			buildConfigurations = (
				A8D03B0B1D9C29AF00121139 /* Debug */,
				A8D03B0C1D9C29AF00121139 /* Release */,
			);
			defaultConfigurationIsVisible = 0;
			defaultConfigurationName = Release;
		};
		A8D03B0D1D9C29AF00121139 /* Build configuration list for PBXNativeTarget "SplitKeys" */ = {
			isa = XCConfigurationList;
			buildConfigurations = (
				A8D03B0E1D9C29AF00121139 /* Debug */,
				A8D03B0F1D9C29AF00121139 /* Release */,
			);
			defaultConfigurationIsVisible = 0;
		};
/* End XCConfigurationList section */
	};
	rootObject = A8D03AF31D9C29AF00121139 /* Project object */;
}
